
Microsoft Visual Studio Solution File, Format Version 12.00
# Visual Studio Version 17
VisualStudioVersion = 17.5.33627.172
MinimumVisualStudioVersion = 10.0.40219.1
Project("{FAE04EC0-301F-11D3-BF4B-00C04F79EFBC}") = "DotNetRPG", "DotNetRPG\DotNetRPG.csproj", "{15DED9E4-D237-4153-B6CD-CD4ACAA1FB3D}"
EndProject
Global
	GlobalSection(SolutionConfigurationPlatforms) = preSolution
		Debug|Any CPU = Debug|Any CPU
		Release|Any CPU = Release|Any CPU
	EndGlobalSection
	GlobalSection(ProjectConfigurationPlatforms) = postSolution
		{15DED9E4-D237-4153-B6CD-CD4ACAA1FB3D}.Debug|Any CPU.ActiveCfg = Debug|Any CPU
		{15DED9E4-D237-4153-B6CD-CD4ACAA1FB3D}.Debug|Any CPU.Build.0 = Debug|Any CPU
		{15DED9E4-D237-4153-B6CD-CD4ACAA1FB3D}.Release|Any CPU.ActiveCfg = Release|Any CPU
		{15DED9E4-D237-4153-B6CD-CD4ACAA1FB3D}.Release|Any CPU.Build.0 = Release|Any CPU
	EndGlobalSection
	GlobalSection(SolutionProperties) = preSolution
		HideSolutionNode = FALSE
	EndGlobalSection
	GlobalSection(ExtensibilityGlobals) = postSolution
		SolutionGuid = {BCB9C081-6100-4AD6-9245-214DA14222DF}
	EndGlobalSection
EndGlobal
